
Microsoft Visual Studio Solution File, Format Version 12.00
# Visual Studio Version 16
VisualStudioVersion = 16.0.35325.158
MinimumVisualStudioVersion = 10.0.40219.1
Project("{FAE04EC0-301F-11D3-BF4B-00C04F79EFBC}") = "Assignment5", "Assignment5\Assignment5.csproj", "{88C4EA90-D1E2-4C5F-BB22-AED7D14D5F1E}"
EndProject
Global
	GlobalSection(SolutionConfigurationPlatforms) = preSolution
		Debug|Any CPU = Debug|Any CPU
		Release|Any CPU = Release|Any CPU
	EndGlobalSection
	GlobalSection(ProjectConfigurationPlatforms) = postSolution
		{88C4EA90-D1E2-4C5F-BB22-AED7D14D5F1E}.Debug|Any CPU.ActiveCfg = Debug|Any CPU
		{88C4EA90-D1E2-4C5F-BB22-AED7D14D5F1E}.Debug|Any CPU.Build.0 = Debug|Any CPU
		{88C4EA90-D1E2-4C5F-BB22-AED7D14D5F1E}.Release|Any CPU.ActiveCfg = Release|Any CPU
		{88C4EA90-D1E2-4C5F-BB22-AED7D14D5F1E}.Release|Any CPU.Build.0 = Release|Any CPU
	EndGlobalSection
	GlobalSection(SolutionProperties) = preSolution
		HideSolutionNode = FALSE
	EndGlobalSection
	GlobalSection(ExtensibilityGlobals) = postSolution
		SolutionGuid = {CBBE7769-060D-456F-A4D9-FCE1EEC05AE7}
	EndGlobalSection
EndGlobal
