
Microsoft Visual Studio Solution File, Format Version 12.00
# Visual Studio Version 16
VisualStudioVersion = 16.0.35325.158
MinimumVisualStudioVersion = 10.0.40219.1
Project("{FAE04EC0-301F-11D3-BF4B-00C04F79EFBC}") = "AssessmentCc7", "AssessmentCc7\AssessmentCc7.csproj", "{53825318-1791-4A80-B7E1-1E3851FA9206}"
EndProject
Global
	GlobalSection(SolutionConfigurationPlatforms) = preSolution
		Debug|Any CPU = Debug|Any CPU
		Release|Any CPU = Release|Any CPU
	EndGlobalSection
	GlobalSection(ProjectConfigurationPlatforms) = postSolution
		{53825318-1791-4A80-B7E1-1E3851FA9206}.Debug|Any CPU.ActiveCfg = Debug|Any CPU
		{53825318-1791-4A80-B7E1-1E3851FA9206}.Debug|Any CPU.Build.0 = Debug|Any CPU
		{53825318-1791-4A80-B7E1-1E3851FA9206}.Release|Any CPU.ActiveCfg = Release|Any CPU
		{53825318-1791-4A80-B7E1-1E3851FA9206}.Release|Any CPU.Build.0 = Release|Any CPU
	EndGlobalSection
	GlobalSection(SolutionProperties) = preSolution
		HideSolutionNode = FALSE
	EndGlobalSection
	GlobalSection(ExtensibilityGlobals) = postSolution
		SolutionGuid = {5643962F-B4FF-4779-90E1-EE1E2B237AC3}
	EndGlobalSection
EndGlobal
