
Microsoft Visual Studio Solution File, Format Version 12.00
# Visual Studio Version 16
VisualStudioVersion = 16.0.35325.158
MinimumVisualStudioVersion = 10.0.40219.1
Project("{FAE04EC0-301F-11D3-BF4B-00C04F79EFBC}") = "Sp_ProductDetails", "Sp_ProductDetails\Sp_ProductDetails.csproj", "{D03EA3BF-E9C5-4273-84E8-E5EE5BADDAF6}"
EndProject
Global
	GlobalSection(SolutionConfigurationPlatforms) = preSolution
		Debug|Any CPU = Debug|Any CPU
		Release|Any CPU = Release|Any CPU
	EndGlobalSection
	GlobalSection(ProjectConfigurationPlatforms) = postSolution
		{D03EA3BF-E9C5-4273-84E8-E5EE5BADDAF6}.Debug|Any CPU.ActiveCfg = Debug|Any CPU
		{D03EA3BF-E9C5-4273-84E8-E5EE5BADDAF6}.Debug|Any CPU.Build.0 = Debug|Any CPU
		{D03EA3BF-E9C5-4273-84E8-E5EE5BADDAF6}.Release|Any CPU.ActiveCfg = Release|Any CPU
		{D03EA3BF-E9C5-4273-84E8-E5EE5BADDAF6}.Release|Any CPU.Build.0 = Release|Any CPU
	EndGlobalSection
	GlobalSection(SolutionProperties) = preSolution
		HideSolutionNode = FALSE
	EndGlobalSection
	GlobalSection(ExtensibilityGlobals) = postSolution
		SolutionGuid = {CD803B36-302F-4C10-B5A4-99D93C64305F}
	EndGlobalSection
EndGlobal
