
Microsoft Visual Studio Solution File, Format Version 12.00
# Visual Studio Version 16
VisualStudioVersion = 16.0.35325.158
MinimumVisualStudioVersion = 10.0.40219.1
Project("{FAE04EC0-301F-11D3-BF4B-00C04F79EFBC}") = "Assignment2", "Assignment2\Assignment2.csproj", "{4C3CA2F5-CB5A-4798-B4E6-54C5DEA74B1F}"
EndProject
Global
	GlobalSection(SolutionConfigurationPlatforms) = preSolution
		Debug|Any CPU = Debug|Any CPU
		Release|Any CPU = Release|Any CPU
	EndGlobalSection
	GlobalSection(ProjectConfigurationPlatforms) = postSolution
		{4C3CA2F5-CB5A-4798-B4E6-54C5DEA74B1F}.Debug|Any CPU.ActiveCfg = Debug|Any CPU
		{4C3CA2F5-CB5A-4798-B4E6-54C5DEA74B1F}.Debug|Any CPU.Build.0 = Debug|Any CPU
		{4C3CA2F5-CB5A-4798-B4E6-54C5DEA74B1F}.Release|Any CPU.ActiveCfg = Release|Any CPU
		{4C3CA2F5-CB5A-4798-B4E6-54C5DEA74B1F}.Release|Any CPU.Build.0 = Release|Any CPU
	EndGlobalSection
	GlobalSection(SolutionProperties) = preSolution
		HideSolutionNode = FALSE
	EndGlobalSection
	GlobalSection(ExtensibilityGlobals) = postSolution
		SolutionGuid = {5BBC78C8-A8D9-46F7-9866-51E29A27AE5C}
	EndGlobalSection
EndGlobal
